
Microsoft Visual Studio Solution File, Format Version 12.00
# Visual Studio Version 17
VisualStudioVersion = 17.10.35027.167
MinimumVisualStudioVersion = 10.0.40219.1
Project("{FAE04EC0-301F-11D3-BF4B-00C04F79EFBC}") = "SnapBuy.Api", "SnapBuy.Api\SnapBuy.Api.csproj", "{BD93744D-F1DF-41E2-8FA3-C5133F55170D}"
EndProject
Project("{FAE04EC0-301F-11D3-BF4B-00C04F79EFBC}") = "SnapBuy.Domain", "SnapBuy.Domain\SnapBuy.Domain.csproj", "{A95A39BA-DF96-4F33-A0E5-531AA6FAD56F}"
EndProject
Project("{FAE04EC0-301F-11D3-BF4B-00C04F79EFBC}") = "SnapBuy.Infrastructure", "SnapBuy.Infrastructure\SnapBuy.Infrastructure.csproj", "{481995AB-BA3D-4675-9D7F-CE2675932EDA}"
EndProject
Project("{2150E333-8FDC-42A3-9474-1A3956D46DE8}") = "Solution Items", "Solution Items", "{28EA0C8B-7F1F-412A-9B8A-3D8A85694E59}"
	ProjectSection(SolutionItems) = preProject
		docker-compose.yml = docker-compose.yml
	EndProjectSection
EndProject
Global
	GlobalSection(SolutionConfigurationPlatforms) = preSolution
		Debug|Any CPU = Debug|Any CPU
		Release|Any CPU = Release|Any CPU
	EndGlobalSection
	GlobalSection(ProjectConfigurationPlatforms) = postSolution
		{BD93744D-F1DF-41E2-8FA3-C5133F55170D}.Debug|Any CPU.ActiveCfg = Debug|Any CPU
		{BD93744D-F1DF-41E2-8FA3-C5133F55170D}.Debug|Any CPU.Build.0 = Debug|Any CPU
		{BD93744D-F1DF-41E2-8FA3-C5133F55170D}.Release|Any CPU.ActiveCfg = Release|Any CPU
		{BD93744D-F1DF-41E2-8FA3-C5133F55170D}.Release|Any CPU.Build.0 = Release|Any CPU
		{A95A39BA-DF96-4F33-A0E5-531AA6FAD56F}.Debug|Any CPU.ActiveCfg = Debug|Any CPU
		{A95A39BA-DF96-4F33-A0E5-531AA6FAD56F}.Debug|Any CPU.Build.0 = Debug|Any CPU
		{A95A39BA-DF96-4F33-A0E5-531AA6FAD56F}.Release|Any CPU.ActiveCfg = Release|Any CPU
		{A95A39BA-DF96-4F33-A0E5-531AA6FAD56F}.Release|Any CPU.Build.0 = Release|Any CPU
		{481995AB-BA3D-4675-9D7F-CE2675932EDA}.Debug|Any CPU.ActiveCfg = Debug|Any CPU
		{481995AB-BA3D-4675-9D7F-CE2675932EDA}.Debug|Any CPU.Build.0 = Debug|Any CPU
		{481995AB-BA3D-4675-9D7F-CE2675932EDA}.Release|Any CPU.ActiveCfg = Release|Any CPU
		{481995AB-BA3D-4675-9D7F-CE2675932EDA}.Release|Any CPU.Build.0 = Release|Any CPU
	EndGlobalSection
	GlobalSection(SolutionProperties) = preSolution
		HideSolutionNode = FALSE
	EndGlobalSection
	GlobalSection(ExtensibilityGlobals) = postSolution
		SolutionGuid = {76500FEA-AFD3-4513-851C-91A3ED961C0B}
	EndGlobalSection
EndGlobal
